
Microsoft Visual Studio Solution File, Format Version 12.00
# Visual Studio Version 17
VisualStudioVersion = 17.7.34302.85
MinimumVisualStudioVersion = 10.0.40219.1
Project("{9A19103F-16F7-4668-BE54-9A1E7A4F7556}") = "LMS.Web", "LMS.Web\LMS.Web.csproj", "{A72BEA1D-3490-4F50-B78C-D6350499BCE8}"
EndProject
Project("{9A19103F-16F7-4668-BE54-9A1E7A4F7556}") = "LMS.DAL", "LMS.DAL\LMS.DAL.csproj", "{34E8BD7B-FFE1-4AA1-92DC-681EC740C124}"
	ProjectSection(ProjectDependencies) = postProject
		{A83F1273-0CD0-4232-B2A2-7FD58FF53115} = {A83F1273-0CD0-4232-B2A2-7FD58FF53115}
	EndProjectSection
EndProject
Project("{9A19103F-16F7-4668-BE54-9A1E7A4F7556}") = "LMS.Model", "LMS.Model\LMS.Model.csproj", "{A83F1273-0CD0-4232-B2A2-7FD58FF53115}"
EndProject
Project("{9A19103F-16F7-4668-BE54-9A1E7A4F7556}") = "Utility", "Utility\Utility.csproj", "{92D2C27B-6DD3-4299-B693-FFB88F831DC4}"
EndProject
Global
	GlobalSection(SolutionConfigurationPlatforms) = preSolution
		Debug|Any CPU = Debug|Any CPU
		Release|Any CPU = Release|Any CPU
	EndGlobalSection
	GlobalSection(ProjectConfigurationPlatforms) = postSolution
		{A72BEA1D-3490-4F50-B78C-D6350499BCE8}.Debug|Any CPU.ActiveCfg = Debug|Any CPU
		{A72BEA1D-3490-4F50-B78C-D6350499BCE8}.Debug|Any CPU.Build.0 = Debug|Any CPU
		{A72BEA1D-3490-4F50-B78C-D6350499BCE8}.Release|Any CPU.ActiveCfg = Release|Any CPU
		{A72BEA1D-3490-4F50-B78C-D6350499BCE8}.Release|Any CPU.Build.0 = Release|Any CPU
		{34E8BD7B-FFE1-4AA1-92DC-681EC740C124}.Debug|Any CPU.ActiveCfg = Debug|Any CPU
		{34E8BD7B-FFE1-4AA1-92DC-681EC740C124}.Debug|Any CPU.Build.0 = Debug|Any CPU
		{34E8BD7B-FFE1-4AA1-92DC-681EC740C124}.Release|Any CPU.ActiveCfg = Release|Any CPU
		{34E8BD7B-FFE1-4AA1-92DC-681EC740C124}.Release|Any CPU.Build.0 = Release|Any CPU
		{A83F1273-0CD0-4232-B2A2-7FD58FF53115}.Debug|Any CPU.ActiveCfg = Debug|Any CPU
		{A83F1273-0CD0-4232-B2A2-7FD58FF53115}.Debug|Any CPU.Build.0 = Debug|Any CPU
		{A83F1273-0CD0-4232-B2A2-7FD58FF53115}.Release|Any CPU.ActiveCfg = Release|Any CPU
		{A83F1273-0CD0-4232-B2A2-7FD58FF53115}.Release|Any CPU.Build.0 = Release|Any CPU
		{92D2C27B-6DD3-4299-B693-FFB88F831DC4}.Debug|Any CPU.ActiveCfg = Debug|Any CPU
		{92D2C27B-6DD3-4299-B693-FFB88F831DC4}.Debug|Any CPU.Build.0 = Debug|Any CPU
		{92D2C27B-6DD3-4299-B693-FFB88F831DC4}.Release|Any CPU.ActiveCfg = Release|Any CPU
		{92D2C27B-6DD3-4299-B693-FFB88F831DC4}.Release|Any CPU.Build.0 = Release|Any CPU
	EndGlobalSection
	GlobalSection(SolutionProperties) = preSolution
		HideSolutionNode = FALSE
	EndGlobalSection
	GlobalSection(ExtensibilityGlobals) = postSolution
		SolutionGuid = {1D02200C-F117-4E51-A27E-10A6609B7E76}
	EndGlobalSection
EndGlobal
